
Microsoft Visual Studio Solution File, Format Version 12.00
# Visual Studio Version 16
VisualStudioVersion = 16.0.31112.23
MinimumVisualStudioVersion = 10.0.40219.1
Project("{FAE04EC0-301F-11D3-BF4B-00C04F79EFBC}") = "ResizeWindows", "ResizeWindows\ResizeWindows.csproj", "{48AE0AC0-08E6-47E8-A13C-D7C89E4946FD}"
EndProject
Global
	GlobalSection(SolutionConfigurationPlatforms) = preSolution
		Debug|Any CPU = Debug|Any CPU
		Release|Any CPU = Release|Any CPU
	EndGlobalSection
	GlobalSection(ProjectConfigurationPlatforms) = postSolution
		{48AE0AC0-08E6-47E8-A13C-D7C89E4946FD}.Debug|Any CPU.ActiveCfg = Debug|Any CPU
		{48AE0AC0-08E6-47E8-A13C-D7C89E4946FD}.Debug|Any CPU.Build.0 = Debug|Any CPU
		{48AE0AC0-08E6-47E8-A13C-D7C89E4946FD}.Release|Any CPU.ActiveCfg = Release|Any CPU
		{48AE0AC0-08E6-47E8-A13C-D7C89E4946FD}.Release|Any CPU.Build.0 = Release|Any CPU
	EndGlobalSection
	GlobalSection(SolutionProperties) = preSolution
		HideSolutionNode = FALSE
	EndGlobalSection
	GlobalSection(ExtensibilityGlobals) = postSolution
		SolutionGuid = {492051F6-8D57-462C-B119-036AF2E78277}
	EndGlobalSection
EndGlobal
